
Microsoft Visual Studio Solution File, Format Version 12.00
# Visual Studio 15
VisualStudioVersion = 15.0.28010.2036
MinimumVisualStudioVersion = 10.0.40219.1
Project("{FAE04EC0-301F-11D3-BF4B-00C04F79EFBC}") = "App2.Android", "App2\App2.Android\App2.Android.csproj", "{1D9432AA-4438-412D-BE28-3F56FB7053F8}"
EndProject
Project("{FAE04EC0-301F-11D3-BF4B-00C04F79EFBC}") = "App2.iOS", "App2\App2.iOS\App2.iOS.csproj", "{543B7F1B-1535-4503-A69C-2423F454F3AC}"
EndProject
Project("{FAE04EC0-301F-11D3-BF4B-00C04F79EFBC}") = "App2.UWP", "App2\App2.UWP\App2.UWP.csproj", "{C6099D56-57B8-4DFA-A201-DDA774B46F69}"
EndProject
Project("{FAE04EC0-301F-11D3-BF4B-00C04F79EFBC}") = "App2", "App2\App2\App2.csproj", "{D09D3D0E-666F-44A2-B558-214BD340513A}"
EndProject
Global
	GlobalSection(SolutionConfigurationPlatforms) = preSolution
		Ad-Hoc|Any CPU = Ad-Hoc|Any CPU
		Ad-Hoc|ARM = Ad-Hoc|ARM
		Ad-Hoc|iPhone = Ad-Hoc|iPhone
		Ad-Hoc|iPhoneSimulator = Ad-Hoc|iPhoneSimulator
		Ad-Hoc|x64 = Ad-Hoc|x64
		Ad-Hoc|x86 = Ad-Hoc|x86
		AppStore|Any CPU = AppStore|Any CPU
		AppStore|ARM = AppStore|ARM
		AppStore|iPhone = AppStore|iPhone
		AppStore|iPhoneSimulator = AppStore|iPhoneSimulator
		AppStore|x64 = AppStore|x64
		AppStore|x86 = AppStore|x86
		Debug|Any CPU = Debug|Any CPU
		Debug|ARM = Debug|ARM
		Debug|iPhone = Debug|iPhone
		Debug|iPhoneSimulator = Debug|iPhoneSimulator
		Debug|x64 = Debug|x64
		Debug|x86 = Debug|x86
		Release|Any CPU = Release|Any CPU
		Release|ARM = Release|ARM
		Release|iPhone = Release|iPhone
		Release|iPhoneSimulator = Release|iPhoneSimulator
		Release|x64 = Release|x64
		Release|x86 = Release|x86
	EndGlobalSection
	GlobalSection(ProjectConfigurationPlatforms) = postSolution
		{1D9432AA-4438-412D-BE28-3F56FB7053F8}.Ad-Hoc|Any CPU.ActiveCfg = Release|Any CPU
		{1D9432AA-4438-412D-BE28-3F56FB7053F8}.Ad-Hoc|Any CPU.Build.0 = Release|Any CPU
		{1D9432AA-4438-412D-BE28-3F56FB7053F8}.Ad-Hoc|Any CPU.Deploy.0 = Release|Any CPU
		{1D9432AA-4438-412D-BE28-3F56FB7053F8}.Ad-Hoc|ARM.ActiveCfg = Release|Any CPU
		{1D9432AA-4438-412D-BE28-3F56FB7053F8}.Ad-Hoc|ARM.Build.0 = Release|Any CPU
		{1D9432AA-4438-412D-BE28-3F56FB7053F8}.Ad-Hoc|ARM.Deploy.0 = Release|Any CPU
		{1D9432AA-4438-412D-BE28-3F56FB7053F8}.Ad-Hoc|iPhone.ActiveCfg = Release|Any CPU
		{1D9432AA-4438-412D-BE28-3F56FB7053F8}.Ad-Hoc|iPhone.Build.0 = Release|Any CPU
		{1D9432AA-4438-412D-BE28-3F56FB7053F8}.Ad-Hoc|iPhone.Deploy.0 = Release|Any CPU
		{1D9432AA-4438-412D-BE28-3F56FB7053F8}.Ad-Hoc|iPhoneSimulator.ActiveCfg = Release|Any CPU
		{1D9432AA-4438-412D-BE28-3F56FB7053F8}.Ad-Hoc|iPhoneSimulator.Build.0 = Release|Any CPU
		{1D9432AA-4438-412D-BE28-3F56FB7053F8}.Ad-Hoc|iPhoneSimulator.Deploy.0 = Release|Any CPU
		{1D9432AA-4438-412D-BE28-3F56FB7053F8}.Ad-Hoc|x64.ActiveCfg = Release|Any CPU
		{1D9432AA-4438-412D-BE28-3F56FB7053F8}.Ad-Hoc|x64.Build.0 = Release|Any CPU
		{1D9432AA-4438-412D-BE28-3F56FB7053F8}.Ad-Hoc|x64.Deploy.0 = Release|Any CPU
		{1D9432AA-4438-412D-BE28-3F56FB7053F8}.Ad-Hoc|x86.ActiveCfg = Release|Any CPU
		{1D9432AA-4438-412D-BE28-3F56FB7053F8}.Ad-Hoc|x86.Build.0 = Release|Any CPU
		{1D9432AA-4438-412D-BE28-3F56FB7053F8}.Ad-Hoc|x86.Deploy.0 = Release|Any CPU
		{1D9432AA-4438-412D-BE28-3F56FB7053F8}.AppStore|Any CPU.ActiveCfg = Release|Any CPU
		{1D9432AA-4438-412D-BE28-3F56FB7053F8}.AppStore|Any CPU.Build.0 = Release|Any CPU
		{1D9432AA-4438-412D-BE28-3F56FB7053F8}.AppStore|Any CPU.Deploy.0 = Release|Any CPU
		{1D9432AA-4438-412D-BE28-3F56FB7053F8}.AppStore|ARM.ActiveCfg = Release|Any CPU
		{1D9432AA-4438-412D-BE28-3F56FB7053F8}.AppStore|ARM.Build.0 = Release|Any CPU
		{1D9432AA-4438-412D-BE28-3F56FB7053F8}.AppStore|ARM.Deploy.0 = Release|Any CPU
		{1D9432AA-4438-412D-BE28-3F56FB7053F8}.AppStore|iPhone.ActiveCfg = Release|Any CPU
		{1D9432AA-4438-412D-BE28-3F56FB7053F8}.AppStore|iPhone.Build.0 = Release|Any CPU
		{1D9432AA-4438-412D-BE28-3F56FB7053F8}.AppStore|iPhone.Deploy.0 = Release|Any CPU
		{1D9432AA-4438-412D-BE28-3F56FB7053F8}.AppStore|iPhoneSimulator.ActiveCfg = Release|Any CPU
		{1D9432AA-4438-412D-BE28-3F56FB7053F8}.AppStore|iPhoneSimulator.Build.0 = Release|Any CPU
		{1D9432AA-4438-412D-BE28-3F56FB7053F8}.AppStore|iPhoneSimulator.Deploy.0 = Release|Any CPU
		{1D9432AA-4438-412D-BE28-3F56FB7053F8}.AppStore|x64.ActiveCfg = Release|Any CPU
		{1D9432AA-4438-412D-BE28-3F56FB7053F8}.AppStore|x64.Build.0 = Release|Any CPU
		{1D9432AA-4438-412D-BE28-3F56FB7053F8}.AppStore|x64.Deploy.0 = Release|Any CPU
		{1D9432AA-4438-412D-BE28-3F56FB7053F8}.AppStore|x86.ActiveCfg = Release|Any CPU
		{1D9432AA-4438-412D-BE28-3F56FB7053F8}.AppStore|x86.Build.0 = Release|Any CPU
		{1D9432AA-4438-412D-BE28-3F56FB7053F8}.AppStore|x86.Deploy.0 = Release|Any CPU
		{1D9432AA-4438-412D-BE28-3F56FB7053F8}.Debug|Any CPU.ActiveCfg = Debug|Any CPU
		{1D9432AA-4438-412D-BE28-3F56FB7053F8}.Debug|Any CPU.Build.0 = Debug|Any CPU
		{1D9432AA-4438-412D-BE28-3F56FB7053F8}.Debug|Any CPU.Deploy.0 = Debug|Any CPU
		{1D9432AA-4438-412D-BE28-3F56FB7053F8}.Debug|ARM.ActiveCfg = Debug|Any CPU
		{1D9432AA-4438-412D-BE28-3F56FB7053F8}.Debug|ARM.Build.0 = Debug|Any CPU
		{1D9432AA-4438-412D-BE28-3F56FB7053F8}.Debug|ARM.Deploy.0 = Debug|Any CPU
		{1D9432AA-4438-412D-BE28-3F56FB7053F8}.Debug|iPhone.ActiveCfg = Debug|Any CPU
		{1D9432AA-4438-412D-BE28-3F56FB7053F8}.Debug|iPhone.Build.0 = Debug|Any CPU
		{1D9432AA-4438-412D-BE28-3F56FB7053F8}.Debug|iPhone.Deploy.0 = Debug|Any CPU
		{1D9432AA-4438-412D-BE28-3F56FB7053F8}.Debug|iPhoneSimulator.ActiveCfg = Debug|Any CPU
		{1D9432AA-4438-412D-BE28-3F56FB7053F8}.Debug|iPhoneSimulator.Build.0 = Debug|Any CPU
		{1D9432AA-4438-412D-BE28-3F56FB7053F8}.Debug|iPhoneSimulator.Deploy.0 = Debug|Any CPU
		{1D9432AA-4438-412D-BE28-3F56FB7053F8}.Debug|x64.ActiveCfg = Debug|Any CPU
		{1D9432AA-4438-412D-BE28-3F56FB7053F8}.Debug|x64.Build.0 = Debug|Any CPU
		{1D9432AA-4438-412D-BE28-3F56FB7053F8}.Debug|x64.Deploy.0 = Debug|Any CPU
		{1D9432AA-4438-412D-BE28-3F56FB7053F8}.Debug|x86.ActiveCfg = Debug|Any CPU
		{1D9432AA-4438-412D-BE28-3F56FB7053F8}.Debug|x86.Build.0 = Debug|Any CPU
		{1D9432AA-4438-412D-BE28-3F56FB7053F8}.Debug|x86.Deploy.0 = Debug|Any CPU
		{1D9432AA-4438-412D-BE28-3F56FB7053F8}.Release|Any CPU.ActiveCfg = Release|Any CPU
		{1D9432AA-4438-412D-BE28-3F56FB7053F8}.Release|Any CPU.Build.0 = Release|Any CPU
		{1D9432AA-4438-412D-BE28-3F56FB7053F8}.Release|Any CPU.Deploy.0 = Release|Any CPU
		{1D9432AA-4438-412D-BE28-3F56FB7053F8}.Release|ARM.ActiveCfg = Release|Any CPU
		{1D9432AA-4438-412D-BE28-3F56FB7053F8}.Release|ARM.Build.0 = Release|Any CPU
		{1D9432AA-4438-412D-BE28-3F56FB7053F8}.Release|ARM.Deploy.0 = Release|Any CPU
		{1D9432AA-4438-412D-BE28-3F56FB7053F8}.Release|iPhone.ActiveCfg = Release|Any CPU
		{1D9432AA-4438-412D-BE28-3F56FB7053F8}.Release|iPhone.Build.0 = Release|Any CPU
		{1D9432AA-4438-412D-BE28-3F56FB7053F8}.Release|iPhone.Deploy.0 = Release|Any CPU
		{1D9432AA-4438-412D-BE28-3F56FB7053F8}.Release|iPhoneSimulator.ActiveCfg = Release|Any CPU
		{1D9432AA-4438-412D-BE28-3F56FB7053F8}.Release|iPhoneSimulator.Build.0 = Release|Any CPU
		{1D9432AA-4438-412D-BE28-3F56FB7053F8}.Release|iPhoneSimulator.Deploy.0 = Release|Any CPU
		{1D9432AA-4438-412D-BE28-3F56FB7053F8}.Release|x64.ActiveCfg = Release|Any CPU
		{1D9432AA-4438-412D-BE28-3F56FB7053F8}.Release|x64.Build.0 = Release|Any CPU
		{1D9432AA-4438-412D-BE28-3F56FB7053F8}.Release|x64.Deploy.0 = Release|Any CPU
		{1D9432AA-4438-412D-BE28-3F56FB7053F8}.Release|x86.ActiveCfg = Release|Any CPU
		{1D9432AA-4438-412D-BE28-3F56FB7053F8}.Release|x86.Build.0 = Release|Any CPU
		{1D9432AA-4438-412D-BE28-3F56FB7053F8}.Release|x86.Deploy.0 = Release|Any CPU
		{543B7F1B-1535-4503-A69C-2423F454F3AC}.Ad-Hoc|Any CPU.ActiveCfg = Ad-Hoc|iPhone
		{543B7F1B-1535-4503-A69C-2423F454F3AC}.Ad-Hoc|Any CPU.Build.0 = Ad-Hoc|iPhone
		{543B7F1B-1535-4503-A69C-2423F454F3AC}.Ad-Hoc|Any CPU.Deploy.0 = Ad-Hoc|iPhone
		{543B7F1B-1535-4503-A69C-2423F454F3AC}.Ad-Hoc|ARM.ActiveCfg = Ad-Hoc|iPhone
		{543B7F1B-1535-4503-A69C-2423F454F3AC}.Ad-Hoc|ARM.Build.0 = Ad-Hoc|iPhone
		{543B7F1B-1535-4503-A69C-2423F454F3AC}.Ad-Hoc|ARM.Deploy.0 = Ad-Hoc|iPhone
		{543B7F1B-1535-4503-A69C-2423F454F3AC}.Ad-Hoc|iPhone.ActiveCfg = Ad-Hoc|iPhone
		{543B7F1B-1535-4503-A69C-2423F454F3AC}.Ad-Hoc|iPhone.Build.0 = Ad-Hoc|iPhone
		{543B7F1B-1535-4503-A69C-2423F454F3AC}.Ad-Hoc|iPhone.Deploy.0 = Ad-Hoc|iPhone
		{543B7F1B-1535-4503-A69C-2423F454F3AC}.Ad-Hoc|iPhoneSimulator.ActiveCfg = Ad-Hoc|iPhoneSimulator
		{543B7F1B-1535-4503-A69C-2423F454F3AC}.Ad-Hoc|iPhoneSimulator.Build.0 = Ad-Hoc|iPhoneSimulator
		{543B7F1B-1535-4503-A69C-2423F454F3AC}.Ad-Hoc|iPhoneSimulator.Deploy.0 = Ad-Hoc|iPhoneSimulator
		{543B7F1B-1535-4503-A69C-2423F454F3AC}.Ad-Hoc|x64.ActiveCfg = Ad-Hoc|iPhone
		{543B7F1B-1535-4503-A69C-2423F454F3AC}.Ad-Hoc|x64.Build.0 = Ad-Hoc|iPhone
		{543B7F1B-1535-4503-A69C-2423F454F3AC}.Ad-Hoc|x64.Deploy.0 = Ad-Hoc|iPhone
		{543B7F1B-1535-4503-A69C-2423F454F3AC}.Ad-Hoc|x86.ActiveCfg = Ad-Hoc|iPhone
		{543B7F1B-1535-4503-A69C-2423F454F3AC}.Ad-Hoc|x86.Build.0 = Ad-Hoc|iPhone
		{543B7F1B-1535-4503-A69C-2423F454F3AC}.Ad-Hoc|x86.Deploy.0 = Ad-Hoc|iPhone
		{543B7F1B-1535-4503-A69C-2423F454F3AC}.AppStore|Any CPU.ActiveCfg = AppStore|iPhone
		{543B7F1B-1535-4503-A69C-2423F454F3AC}.AppStore|Any CPU.Build.0 = AppStore|iPhone
		{543B7F1B-1535-4503-A69C-2423F454F3AC}.AppStore|Any CPU.Deploy.0 = AppStore|iPhone
		{543B7F1B-1535-4503-A69C-2423F454F3AC}.AppStore|ARM.ActiveCfg = AppStore|iPhone
		{543B7F1B-1535-4503-A69C-2423F454F3AC}.AppStore|ARM.Build.0 = AppStore|iPhone
		{543B7F1B-1535-4503-A69C-2423F454F3AC}.AppStore|ARM.Deploy.0 = AppStore|iPhone
		{543B7F1B-1535-4503-A69C-2423F454F3AC}.AppStore|iPhone.ActiveCfg = AppStore|iPhone
		{543B7F1B-1535-4503-A69C-2423F454F3AC}.AppStore|iPhone.Build.0 = AppStore|iPhone
		{543B7F1B-1535-4503-A69C-2423F454F3AC}.AppStore|iPhone.Deploy.0 = AppStore|iPhone
		{543B7F1B-1535-4503-A69C-2423F454F3AC}.AppStore|iPhoneSimulator.ActiveCfg = AppStore|iPhoneSimulator
		{543B7F1B-1535-4503-A69C-2423F454F3AC}.AppStore|iPhoneSimulator.Build.0 = AppStore|iPhoneSimulator
		{543B7F1B-1535-4503-A69C-2423F454F3AC}.AppStore|iPhoneSimulator.Deploy.0 = AppStore|iPhoneSimulator
		{543B7F1B-1535-4503-A69C-2423F454F3AC}.AppStore|x64.ActiveCfg = AppStore|iPhone
		{543B7F1B-1535-4503-A69C-2423F454F3AC}.AppStore|x64.Build.0 = AppStore|iPhone
		{543B7F1B-1535-4503-A69C-2423F454F3AC}.AppStore|x64.Deploy.0 = AppStore|iPhone
		{543B7F1B-1535-4503-A69C-2423F454F3AC}.AppStore|x86.ActiveCfg = AppStore|iPhone
		{543B7F1B-1535-4503-A69C-2423F454F3AC}.AppStore|x86.Build.0 = AppStore|iPhone
		{543B7F1B-1535-4503-A69C-2423F454F3AC}.AppStore|x86.Deploy.0 = AppStore|iPhone
		{543B7F1B-1535-4503-A69C-2423F454F3AC}.Debug|Any CPU.ActiveCfg = Debug|iPhoneSimulator
		{543B7F1B-1535-4503-A69C-2423F454F3AC}.Debug|Any CPU.Build.0 = Debug|iPhoneSimulator
		{543B7F1B-1535-4503-A69C-2423F454F3AC}.Debug|Any CPU.Deploy.0 = Debug|iPhoneSimulator
		{543B7F1B-1535-4503-A69C-2423F454F3AC}.Debug|ARM.ActiveCfg = Debug|iPhone
		{543B7F1B-1535-4503-A69C-2423F454F3AC}.Debug|ARM.Build.0 = Debug|iPhone
		{543B7F1B-1535-4503-A69C-2423F454F3AC}.Debug|ARM.Deploy.0 = Debug|iPhone
		{543B7F1B-1535-4503-A69C-2423F454F3AC}.Debug|iPhone.ActiveCfg = Debug|iPhone
		{543B7F1B-1535-4503-A69C-2423F454F3AC}.Debug|iPhone.Build.0 = Debug|iPhone
		{543B7F1B-1535-4503-A69C-2423F454F3AC}.Debug|iPhone.Deploy.0 = Debug|iPhone
		{543B7F1B-1535-4503-A69C-2423F454F3AC}.Debug|iPhoneSimulator.ActiveCfg = Debug|iPhoneSimulator
		{543B7F1B-1535-4503-A69C-2423F454F3AC}.Debug|iPhoneSimulator.Build.0 = Debug|iPhoneSimulator
		{543B7F1B-1535-4503-A69C-2423F454F3AC}.Debug|iPhoneSimulator.Deploy.0 = Debug|iPhoneSimulator
		{543B7F1B-1535-4503-A69C-2423F454F3AC}.Debug|x64.ActiveCfg = Debug|iPhone
		{543B7F1B-1535-4503-A69C-2423F454F3AC}.Debug|x64.Build.0 = Debug|iPhone
		{543B7F1B-1535-4503-A69C-2423F454F3AC}.Debug|x64.Deploy.0 = Debug|iPhone
		{543B7F1B-1535-4503-A69C-2423F454F3AC}.Debug|x86.ActiveCfg = Debug|iPhone
		{543B7F1B-1535-4503-A69C-2423F454F3AC}.Debug|x86.Build.0 = Debug|iPhone
		{543B7F1B-1535-4503-A69C-2423F454F3AC}.Debug|x86.Deploy.0 = Debug|iPhone
		{543B7F1B-1535-4503-A69C-2423F454F3AC}.Release|Any CPU.ActiveCfg = Release|iPhone
		{543B7F1B-1535-4503-A69C-2423F454F3AC}.Release|Any CPU.Build.0 = Release|iPhone
		{543B7F1B-1535-4503-A69C-2423F454F3AC}.Release|Any CPU.Deploy.0 = Release|iPhone
		{543B7F1B-1535-4503-A69C-2423F454F3AC}.Release|ARM.ActiveCfg = Release|iPhone
		{543B7F1B-1535-4503-A69C-2423F454F3AC}.Release|ARM.Build.0 = Release|iPhone
		{543B7F1B-1535-4503-A69C-2423F454F3AC}.Release|ARM.Deploy.0 = Release|iPhone
		{543B7F1B-1535-4503-A69C-2423F454F3AC}.Release|iPhone.ActiveCfg = Release|iPhone
		{543B7F1B-1535-4503-A69C-2423F454F3AC}.Release|iPhone.Build.0 = Release|iPhone
		{543B7F1B-1535-4503-A69C-2423F454F3AC}.Release|iPhone.Deploy.0 = Release|iPhone
		{543B7F1B-1535-4503-A69C-2423F454F3AC}.Release|iPhoneSimulator.ActiveCfg = Release|iPhoneSimulator
		{543B7F1B-1535-4503-A69C-2423F454F3AC}.Release|iPhoneSimulator.Build.0 = Release|iPhoneSimulator
		{543B7F1B-1535-4503-A69C-2423F454F3AC}.Release|iPhoneSimulator.Deploy.0 = Release|iPhoneSimulator
		{543B7F1B-1535-4503-A69C-2423F454F3AC}.Release|x64.ActiveCfg = Release|iPhone
		{543B7F1B-1535-4503-A69C-2423F454F3AC}.Release|x64.Build.0 = Release|iPhone
		{543B7F1B-1535-4503-A69C-2423F454F3AC}.Release|x64.Deploy.0 = Release|iPhone
		{543B7F1B-1535-4503-A69C-2423F454F3AC}.Release|x86.ActiveCfg = Release|iPhone
		{543B7F1B-1535-4503-A69C-2423F454F3AC}.Release|x86.Build.0 = Release|iPhone
		{543B7F1B-1535-4503-A69C-2423F454F3AC}.Release|x86.Deploy.0 = Release|iPhone
		{C6099D56-57B8-4DFA-A201-DDA774B46F69}.Ad-Hoc|Any CPU.ActiveCfg = Release|x86
		{C6099D56-57B8-4DFA-A201-DDA774B46F69}.Ad-Hoc|Any CPU.Build.0 = Release|x86
		{C6099D56-57B8-4DFA-A201-DDA774B46F69}.Ad-Hoc|Any CPU.Deploy.0 = Release|x86
		{C6099D56-57B8-4DFA-A201-DDA774B46F69}.Ad-Hoc|ARM.ActiveCfg = Release|ARM
		{C6099D56-57B8-4DFA-A201-DDA774B46F69}.Ad-Hoc|ARM.Build.0 = Release|ARM
		{C6099D56-57B8-4DFA-A201-DDA774B46F69}.Ad-Hoc|ARM.Deploy.0 = Release|ARM
		{C6099D56-57B8-4DFA-A201-DDA774B46F69}.Ad-Hoc|iPhone.ActiveCfg = Release|x86
		{C6099D56-57B8-4DFA-A201-DDA774B46F69}.Ad-Hoc|iPhone.Build.0 = Release|x86
		{C6099D56-57B8-4DFA-A201-DDA774B46F69}.Ad-Hoc|iPhone.Deploy.0 = Release|x86
		{C6099D56-57B8-4DFA-A201-DDA774B46F69}.Ad-Hoc|iPhoneSimulator.ActiveCfg = Release|x86
		{C6099D56-57B8-4DFA-A201-DDA774B46F69}.Ad-Hoc|iPhoneSimulator.Build.0 = Release|x86
		{C6099D56-57B8-4DFA-A201-DDA774B46F69}.Ad-Hoc|iPhoneSimulator.Deploy.0 = Release|x86
		{C6099D56-57B8-4DFA-A201-DDA774B46F69}.Ad-Hoc|x64.ActiveCfg = Release|x64
		{C6099D56-57B8-4DFA-A201-DDA774B46F69}.Ad-Hoc|x64.Build.0 = Release|x64
		{C6099D56-57B8-4DFA-A201-DDA774B46F69}.Ad-Hoc|x64.Deploy.0 = Release|x64
		{C6099D56-57B8-4DFA-A201-DDA774B46F69}.Ad-Hoc|x86.ActiveCfg = Release|x86
		{C6099D56-57B8-4DFA-A201-DDA774B46F69}.Ad-Hoc|x86.Build.0 = Release|x86
		{C6099D56-57B8-4DFA-A201-DDA774B46F69}.Ad-Hoc|x86.Deploy.0 = Release|x86
		{C6099D56-57B8-4DFA-A201-DDA774B46F69}.AppStore|Any CPU.ActiveCfg = Release|x86
		{C6099D56-57B8-4DFA-A201-DDA774B46F69}.AppStore|Any CPU.Build.0 = Release|x86
		{C6099D56-57B8-4DFA-A201-DDA774B46F69}.AppStore|Any CPU.Deploy.0 = Release|x86
		{C6099D56-57B8-4DFA-A201-DDA774B46F69}.AppStore|ARM.ActiveCfg = Release|ARM
		{C6099D56-57B8-4DFA-A201-DDA774B46F69}.AppStore|ARM.Build.0 = Release|ARM
		{C6099D56-57B8-4DFA-A201-DDA774B46F69}.AppStore|ARM.Deploy.0 = Release|ARM
		{C6099D56-57B8-4DFA-A201-DDA774B46F69}.AppStore|iPhone.ActiveCfg = Release|x86
		{C6099D56-57B8-4DFA-A201-DDA774B46F69}.AppStore|iPhone.Build.0 = Release|x86
		{C6099D56-57B8-4DFA-A201-DDA774B46F69}.AppStore|iPhone.Deploy.0 = Release|x86
		{C6099D56-57B8-4DFA-A201-DDA774B46F69}.AppStore|iPhoneSimulator.ActiveCfg = Release|x86
		{C6099D56-57B8-4DFA-A201-DDA774B46F69}.AppStore|iPhoneSimulator.Build.0 = Release|x86
		{C6099D56-57B8-4DFA-A201-DDA774B46F69}.AppStore|iPhoneSimulator.Deploy.0 = Release|x86
		{C6099D56-57B8-4DFA-A201-DDA774B46F69}.AppStore|x64.ActiveCfg = Release|x64
		{C6099D56-57B8-4DFA-A201-DDA774B46F69}.AppStore|x64.Build.0 = Release|x64
		{C6099D56-57B8-4DFA-A201-DDA774B46F69}.AppStore|x64.Deploy.0 = Release|x64
		{C6099D56-57B8-4DFA-A201-DDA774B46F69}.AppStore|x86.ActiveCfg = Release|x86
		{C6099D56-57B8-4DFA-A201-DDA774B46F69}.AppStore|x86.Build.0 = Release|x86
		{C6099D56-57B8-4DFA-A201-DDA774B46F69}.AppStore|x86.Deploy.0 = Release|x86
		{C6099D56-57B8-4DFA-A201-DDA774B46F69}.Debug|Any CPU.ActiveCfg = Debug|x86
		{C6099D56-57B8-4DFA-A201-DDA774B46F69}.Debug|Any CPU.Build.0 = Debug|x86
		{C6099D56-57B8-4DFA-A201-DDA774B46F69}.Debug|Any CPU.Deploy.0 = Debug|x86
		{C6099D56-57B8-4DFA-A201-DDA774B46F69}.Debug|ARM.ActiveCfg = Debug|ARM
		{C6099D56-57B8-4DFA-A201-DDA774B46F69}.Debug|ARM.Build.0 = Debug|ARM
		{C6099D56-57B8-4DFA-A201-DDA774B46F69}.Debug|ARM.Deploy.0 = Debug|ARM
		{C6099D56-57B8-4DFA-A201-DDA774B46F69}.Debug|iPhone.ActiveCfg = Debug|x86
		{C6099D56-57B8-4DFA-A201-DDA774B46F69}.Debug|iPhone.Build.0 = Debug|x86
		{C6099D56-57B8-4DFA-A201-DDA774B46F69}.Debug|iPhone.Deploy.0 = Debug|x86
		{C6099D56-57B8-4DFA-A201-DDA774B46F69}.Debug|iPhoneSimulator.ActiveCfg = Debug|x86
		{C6099D56-57B8-4DFA-A201-DDA774B46F69}.Debug|iPhoneSimulator.Build.0 = Debug|x86
		{C6099D56-57B8-4DFA-A201-DDA774B46F69}.Debug|iPhoneSimulator.Deploy.0 = Debug|x86
		{C6099D56-57B8-4DFA-A201-DDA774B46F69}.Debug|x64.ActiveCfg = Debug|x64
		{C6099D56-57B8-4DFA-A201-DDA774B46F69}.Debug|x64.Build.0 = Debug|x64
		{C6099D56-57B8-4DFA-A201-DDA774B46F69}.Debug|x64.Deploy.0 = Debug|x64
		{C6099D56-57B8-4DFA-A201-DDA774B46F69}.Debug|x86.ActiveCfg = Debug|x86
		{C6099D56-57B8-4DFA-A201-DDA774B46F69}.Debug|x86.Build.0 = Debug|x86
		{C6099D56-57B8-4DFA-A201-DDA774B46F69}.Debug|x86.Deploy.0 = Debug|x86
		{C6099D56-57B8-4DFA-A201-DDA774B46F69}.Release|Any CPU.ActiveCfg = Release|x86
		{C6099D56-57B8-4DFA-A201-DDA774B46F69}.Release|Any CPU.Build.0 = Release|x86
		{C6099D56-57B8-4DFA-A201-DDA774B46F69}.Release|Any CPU.Deploy.0 = Release|x86
		{C6099D56-57B8-4DFA-A201-DDA774B46F69}.Release|ARM.ActiveCfg = Release|ARM
		{C6099D56-57B8-4DFA-A201-DDA774B46F69}.Release|ARM.Build.0 = Release|ARM
		{C6099D56-57B8-4DFA-A201-DDA774B46F69}.Release|ARM.Deploy.0 = Release|ARM
		{C6099D56-57B8-4DFA-A201-DDA774B46F69}.Release|iPhone.ActiveCfg = Release|x86
		{C6099D56-57B8-4DFA-A201-DDA774B46F69}.Release|iPhone.Build.0 = Release|x86
		{C6099D56-57B8-4DFA-A201-DDA774B46F69}.Release|iPhone.Deploy.0 = Release|x86
		{C6099D56-57B8-4DFA-A201-DDA774B46F69}.Release|iPhoneSimulator.ActiveCfg = Release|x86
		{C6099D56-57B8-4DFA-A201-DDA774B46F69}.Release|iPhoneSimulator.Build.0 = Release|x86
		{C6099D56-57B8-4DFA-A201-DDA774B46F69}.Release|iPhoneSimulator.Deploy.0 = Release|x86
		{C6099D56-57B8-4DFA-A201-DDA774B46F69}.Release|x64.ActiveCfg = Release|x64
		{C6099D56-57B8-4DFA-A201-DDA774B46F69}.Release|x64.Build.0 = Release|x64
		{C6099D56-57B8-4DFA-A201-DDA774B46F69}.Release|x64.Deploy.0 = Release|x64
		{C6099D56-57B8-4DFA-A201-DDA774B46F69}.Release|x86.ActiveCfg = Release|x86
		{C6099D56-57B8-4DFA-A201-DDA774B46F69}.Release|x86.Build.0 = Release|x86
		{C6099D56-57B8-4DFA-A201-DDA774B46F69}.Release|x86.Deploy.0 = Release|x86
		{D09D3D0E-666F-44A2-B558-214BD340513A}.Ad-Hoc|Any CPU.ActiveCfg = Debug|Any CPU
		{D09D3D0E-666F-44A2-B558-214BD340513A}.Ad-Hoc|Any CPU.Build.0 = Debug|Any CPU
		{D09D3D0E-666F-44A2-B558-214BD340513A}.Ad-Hoc|Any CPU.Deploy.0 = Debug|Any CPU
		{D09D3D0E-666F-44A2-B558-214BD340513A}.Ad-Hoc|ARM.ActiveCfg = Debug|Any CPU
		{D09D3D0E-666F-44A2-B558-214BD340513A}.Ad-Hoc|ARM.Build.0 = Debug|Any CPU
		{D09D3D0E-666F-44A2-B558-214BD340513A}.Ad-Hoc|ARM.Deploy.0 = Debug|Any CPU
		{D09D3D0E-666F-44A2-B558-214BD340513A}.Ad-Hoc|iPhone.ActiveCfg = Debug|Any CPU
		{D09D3D0E-666F-44A2-B558-214BD340513A}.Ad-Hoc|iPhone.Build.0 = Debug|Any CPU
		{D09D3D0E-666F-44A2-B558-214BD340513A}.Ad-Hoc|iPhone.Deploy.0 = Debug|Any CPU
		{D09D3D0E-666F-44A2-B558-214BD340513A}.Ad-Hoc|iPhoneSimulator.ActiveCfg = Debug|Any CPU
		{D09D3D0E-666F-44A2-B558-214BD340513A}.Ad-Hoc|iPhoneSimulator.Build.0 = Debug|Any CPU
		{D09D3D0E-666F-44A2-B558-214BD340513A}.Ad-Hoc|iPhoneSimulator.Deploy.0 = Debug|Any CPU
		{D09D3D0E-666F-44A2-B558-214BD340513A}.Ad-Hoc|x64.ActiveCfg = Debug|Any CPU
		{D09D3D0E-666F-44A2-B558-214BD340513A}.Ad-Hoc|x64.Build.0 = Debug|Any CPU
		{D09D3D0E-666F-44A2-B558-214BD340513A}.Ad-Hoc|x64.Deploy.0 = Debug|Any CPU
		{D09D3D0E-666F-44A2-B558-214BD340513A}.Ad-Hoc|x86.ActiveCfg = Debug|Any CPU
		{D09D3D0E-666F-44A2-B558-214BD340513A}.Ad-Hoc|x86.Build.0 = Debug|Any CPU
		{D09D3D0E-666F-44A2-B558-214BD340513A}.Ad-Hoc|x86.Deploy.0 = Debug|Any CPU
		{D09D3D0E-666F-44A2-B558-214BD340513A}.AppStore|Any CPU.ActiveCfg = Debug|Any CPU
		{D09D3D0E-666F-44A2-B558-214BD340513A}.AppStore|Any CPU.Build.0 = Debug|Any CPU
		{D09D3D0E-666F-44A2-B558-214BD340513A}.AppStore|Any CPU.Deploy.0 = Debug|Any CPU
		{D09D3D0E-666F-44A2-B558-214BD340513A}.AppStore|ARM.ActiveCfg = Debug|Any CPU
		{D09D3D0E-666F-44A2-B558-214BD340513A}.AppStore|ARM.Build.0 = Debug|Any CPU
		{D09D3D0E-666F-44A2-B558-214BD340513A}.AppStore|ARM.Deploy.0 = Debug|Any CPU
		{D09D3D0E-666F-44A2-B558-214BD340513A}.AppStore|iPhone.ActiveCfg = Debug|Any CPU
		{D09D3D0E-666F-44A2-B558-214BD340513A}.AppStore|iPhone.Build.0 = Debug|Any CPU
		{D09D3D0E-666F-44A2-B558-214BD340513A}.AppStore|iPhone.Deploy.0 = Debug|Any CPU
		{D09D3D0E-666F-44A2-B558-214BD340513A}.AppStore|iPhoneSimulator.ActiveCfg = Debug|Any CPU
		{D09D3D0E-666F-44A2-B558-214BD340513A}.AppStore|iPhoneSimulator.Build.0 = Debug|Any CPU
		{D09D3D0E-666F-44A2-B558-214BD340513A}.AppStore|iPhoneSimulator.Deploy.0 = Debug|Any CPU
		{D09D3D0E-666F-44A2-B558-214BD340513A}.AppStore|x64.ActiveCfg = Debug|Any CPU
		{D09D3D0E-666F-44A2-B558-214BD340513A}.AppStore|x64.Build.0 = Debug|Any CPU
		{D09D3D0E-666F-44A2-B558-214BD340513A}.AppStore|x64.Deploy.0 = Debug|Any CPU
		{D09D3D0E-666F-44A2-B558-214BD340513A}.AppStore|x86.ActiveCfg = Debug|Any CPU
		{D09D3D0E-666F-44A2-B558-214BD340513A}.AppStore|x86.Build.0 = Debug|Any CPU
		{D09D3D0E-666F-44A2-B558-214BD340513A}.AppStore|x86.Deploy.0 = Debug|Any CPU
		{D09D3D0E-666F-44A2-B558-214BD340513A}.Debug|Any CPU.ActiveCfg = Debug|Any CPU
		{D09D3D0E-666F-44A2-B558-214BD340513A}.Debug|Any CPU.Build.0 = Debug|Any CPU
		{D09D3D0E-666F-44A2-B558-214BD340513A}.Debug|Any CPU.Deploy.0 = Debug|Any CPU
		{D09D3D0E-666F-44A2-B558-214BD340513A}.Debug|ARM.ActiveCfg = Debug|Any CPU
		{D09D3D0E-666F-44A2-B558-214BD340513A}.Debug|ARM.Build.0 = Debug|Any CPU
		{D09D3D0E-666F-44A2-B558-214BD340513A}.Debug|ARM.Deploy.0 = Debug|Any CPU
		{D09D3D0E-666F-44A2-B558-214BD340513A}.Debug|iPhone.ActiveCfg = Debug|Any CPU
		{D09D3D0E-666F-44A2-B558-214BD340513A}.Debug|iPhone.Build.0 = Debug|Any CPU
		{D09D3D0E-666F-44A2-B558-214BD340513A}.Debug|iPhone.Deploy.0 = Debug|Any CPU
		{D09D3D0E-666F-44A2-B558-214BD340513A}.Debug|iPhoneSimulator.ActiveCfg = Debug|Any CPU
		{D09D3D0E-666F-44A2-B558-214BD340513A}.Debug|iPhoneSimulator.Build.0 = Debug|Any CPU
		{D09D3D0E-666F-44A2-B558-214BD340513A}.Debug|iPhoneSimulator.Deploy.0 = Debug|Any CPU
		{D09D3D0E-666F-44A2-B558-214BD340513A}.Debug|x64.ActiveCfg = Debug|Any CPU
		{D09D3D0E-666F-44A2-B558-214BD340513A}.Debug|x64.Build.0 = Debug|Any CPU
		{D09D3D0E-666F-44A2-B558-214BD340513A}.Debug|x64.Deploy.0 = Debug|Any CPU
		{D09D3D0E-666F-44A2-B558-214BD340513A}.Debug|x86.ActiveCfg = Debug|Any CPU
		{D09D3D0E-666F-44A2-B558-214BD340513A}.Debug|x86.Build.0 = Debug|Any CPU
		{D09D3D0E-666F-44A2-B558-214BD340513A}.Debug|x86.Deploy.0 = Debug|Any CPU
		{D09D3D0E-666F-44A2-B558-214BD340513A}.Release|Any CPU.ActiveCfg = Release|Any CPU
		{D09D3D0E-666F-44A2-B558-214BD340513A}.Release|Any CPU.Build.0 = Release|Any CPU
		{D09D3D0E-666F-44A2-B558-214BD340513A}.Release|Any CPU.Deploy.0 = Release|Any CPU
		{D09D3D0E-666F-44A2-B558-214BD340513A}.Release|ARM.ActiveCfg = Release|Any CPU
		{D09D3D0E-666F-44A2-B558-214BD340513A}.Release|ARM.Build.0 = Release|Any CPU
		{D09D3D0E-666F-44A2-B558-214BD340513A}.Release|ARM.Deploy.0 = Release|Any CPU
		{D09D3D0E-666F-44A2-B558-214BD340513A}.Release|iPhone.ActiveCfg = Release|Any CPU
		{D09D3D0E-666F-44A2-B558-214BD340513A}.Release|iPhone.Build.0 = Release|Any CPU
		{D09D3D0E-666F-44A2-B558-214BD340513A}.Release|iPhone.Deploy.0 = Release|Any CPU
		{D09D3D0E-666F-44A2-B558-214BD340513A}.Release|iPhoneSimulator.ActiveCfg = Release|Any CPU
		{D09D3D0E-666F-44A2-B558-214BD340513A}.Release|iPhoneSimulator.Build.0 = Release|Any CPU
		{D09D3D0E-666F-44A2-B558-214BD340513A}.Release|iPhoneSimulator.Deploy.0 = Release|Any CPU
		{D09D3D0E-666F-44A2-B558-214BD340513A}.Release|x64.ActiveCfg = Release|Any CPU
		{D09D3D0E-666F-44A2-B558-214BD340513A}.Release|x64.Build.0 = Release|Any CPU
		{D09D3D0E-666F-44A2-B558-214BD340513A}.Release|x64.Deploy.0 = Release|Any CPU
		{D09D3D0E-666F-44A2-B558-214BD340513A}.Release|x86.ActiveCfg = Release|Any CPU
		{D09D3D0E-666F-44A2-B558-214BD340513A}.Release|x86.Build.0 = Release|Any CPU
		{D09D3D0E-666F-44A2-B558-214BD340513A}.Release|x86.Deploy.0 = Release|Any CPU
	EndGlobalSection
	GlobalSection(SolutionProperties) = preSolution
		HideSolutionNode = FALSE
	EndGlobalSection
	GlobalSection(ExtensibilityGlobals) = postSolution
		SolutionGuid = {0F4DE6C4-28CC-4C69-AD00-47E19F2060AA}
	EndGlobalSection
EndGlobal
